
Microsoft Visual Studio Solution File, Format Version 12.00
# Visual Studio 2012
Project("{FAE04EC0-301F-11D3-BF4B-00C04F79EFBC}") = "WebAPIAssignments", "WebAPIAssignments\WebAPIAssignments.csproj", "{A93F52BE-95A6-4118-B203-8002369698BA}"
EndProject
Project("{FAE04EC0-301F-11D3-BF4B-00C04F79EFBC}") = "WebAPIAssignments.Tests", "WebAPIAssignments.Tests\WebAPIAssignments.Tests.csproj", "{168CFC3F-E434-4BB9-A3D1-165B2A7C30A4}"
EndProject
Global
	GlobalSection(SolutionConfigurationPlatforms) = preSolution
		Debug|Any CPU = Debug|Any CPU
		Release|Any CPU = Release|Any CPU
	EndGlobalSection
	GlobalSection(ProjectConfigurationPlatforms) = postSolution
		{A93F52BE-95A6-4118-B203-8002369698BA}.Debug|Any CPU.ActiveCfg = Debug|Any CPU
		{A93F52BE-95A6-4118-B203-8002369698BA}.Debug|Any CPU.Build.0 = Debug|Any CPU
		{A93F52BE-95A6-4118-B203-8002369698BA}.Release|Any CPU.ActiveCfg = Release|Any CPU
		{A93F52BE-95A6-4118-B203-8002369698BA}.Release|Any CPU.Build.0 = Release|Any CPU
		{168CFC3F-E434-4BB9-A3D1-165B2A7C30A4}.Debug|Any CPU.ActiveCfg = Debug|Any CPU
		{168CFC3F-E434-4BB9-A3D1-165B2A7C30A4}.Debug|Any CPU.Build.0 = Debug|Any CPU
		{168CFC3F-E434-4BB9-A3D1-165B2A7C30A4}.Release|Any CPU.ActiveCfg = Release|Any CPU
		{168CFC3F-E434-4BB9-A3D1-165B2A7C30A4}.Release|Any CPU.Build.0 = Release|Any CPU
	EndGlobalSection
	GlobalSection(SolutionProperties) = preSolution
		HideSolutionNode = FALSE
	EndGlobalSection
EndGlobal
